
Microsoft Visual Studio Solution File, Format Version 12.00
# Visual Studio Version 17
VisualStudioVersion = 17.2.32505.173
MinimumVisualStudioVersion = 10.0.40219.1
Project("{FAE04EC0-301F-11D3-BF4B-00C04F79EFBC}") = "LoadGenerator", "LoadGenerator\LoadGenerator.csproj", "{571A7E46-77DE-47F5-A4B1-9015A43F30CC}"
EndProject
Global
	GlobalSection(SolutionConfigurationPlatforms) = preSolution
		Debug|Any CPU = Debug|Any CPU
		Release|Any CPU = Release|Any CPU
	EndGlobalSection
	GlobalSection(ProjectConfigurationPlatforms) = postSolution
		{571A7E46-77DE-47F5-A4B1-9015A43F30CC}.Debug|Any CPU.ActiveCfg = Debug|Any CPU
		{571A7E46-77DE-47F5-A4B1-9015A43F30CC}.Debug|Any CPU.Build.0 = Debug|Any CPU
		{571A7E46-77DE-47F5-A4B1-9015A43F30CC}.Release|Any CPU.ActiveCfg = Release|Any CPU
		{571A7E46-77DE-47F5-A4B1-9015A43F30CC}.Release|Any CPU.Build.0 = Release|Any CPU
	EndGlobalSection
	GlobalSection(SolutionProperties) = preSolution
		HideSolutionNode = FALSE
	EndGlobalSection
	GlobalSection(ExtensibilityGlobals) = postSolution
		SolutionGuid = {DAAF43F4-89BC-4BFD-9288-FBF89F87D5E2}
	EndGlobalSection
EndGlobal
